
Microsoft Visual Studio Solution File, Format Version 12.00
# Visual Studio 15
VisualStudioVersion = 15.0.26124.0
MinimumVisualStudioVersion = 15.0.26124.0
Project("{2150E333-8FDC-42A3-9474-1A3956D46DE8}") = "src", "src", "{0237CC10-AE50-448F-B72B-9A921AB2A4B6}"
EndProject
Project("{FAE04EC0-301F-11D3-BF4B-00C04F79EFBC}") = "Core", "src\Core\Core.csproj", "{8367D4D3-04D3-4200-9387-087E613B3D81}"
EndProject
Project("{2150E333-8FDC-42A3-9474-1A3956D46DE8}") = "test", "test", "{DCC32A2D-CE34-41B6-84FD-A2931EA4C76D}"
EndProject
Project("{FAE04EC0-301F-11D3-BF4B-00C04F79EFBC}") = "Test.Unit.Core", "test\Test.Unit.Core\Test.Unit.Core.csproj", "{457406AD-0EF6-4A17-A99E-DA9CC6F91B9F}"
EndProject
Project("{FAE04EC0-301F-11D3-BF4B-00C04F79EFBC}") = "Infrastructure.Server", "src\Infrastructure.Server\Infrastructure.Server.csproj", "{EDBE1F3E-C57A-46EA-A632-FB8ED8C44AAE}"
EndProject
Project("{FAE04EC0-301F-11D3-BF4B-00C04F79EFBC}") = "Test.Unit.Infrastructure.Server", "test\Test.Unit.Infrastructure.Server\Test.Unit.Infrastructure.Server.csproj", "{1DB5281C-CDB6-4E90-9140-F5F2C22BE3C4}"
EndProject
Project("{FAE04EC0-301F-11D3-BF4B-00C04F79EFBC}") = "Infrastructure.WebApi", "src\Infrastructure.WebApi\Infrastructure.WebApi.csproj", "{54855C22-B622-4993-8512-EBD433490248}"
EndProject
Project("{FAE04EC0-301F-11D3-BF4B-00C04F79EFBC}") = "Infrastructure.Data.MongoDb", "src\Infrastructure.Data.MongoDb\Infrastructure.Data.MongoDb.csproj", "{AAE4C823-8E20-480C-956E-7E212478EFC4}"
EndProject
Project("{FAE04EC0-301F-11D3-BF4B-00C04F79EFBC}") = "Infrastructure.Notification.SendGrid", "src\Infrastructure.Notification.SendGrid\Infrastructure.Notification.SendGrid.csproj", "{2CE25B14-D97D-4DAA-BB42-16AD59DEA742}"
EndProject
Global
	GlobalSection(SolutionConfigurationPlatforms) = preSolution
		Debug|Any CPU = Debug|Any CPU
		Debug|x64 = Debug|x64
		Debug|x86 = Debug|x86
		Release|Any CPU = Release|Any CPU
		Release|x64 = Release|x64
		Release|x86 = Release|x86
	EndGlobalSection
	GlobalSection(SolutionProperties) = preSolution
		HideSolutionNode = FALSE
	EndGlobalSection
	GlobalSection(ProjectConfigurationPlatforms) = postSolution
		{8367D4D3-04D3-4200-9387-087E613B3D81}.Debug|Any CPU.ActiveCfg = Debug|Any CPU
		{8367D4D3-04D3-4200-9387-087E613B3D81}.Debug|Any CPU.Build.0 = Debug|Any CPU
		{8367D4D3-04D3-4200-9387-087E613B3D81}.Debug|x64.ActiveCfg = Debug|x64
		{8367D4D3-04D3-4200-9387-087E613B3D81}.Debug|x64.Build.0 = Debug|x64
		{8367D4D3-04D3-4200-9387-087E613B3D81}.Debug|x86.ActiveCfg = Debug|x86
		{8367D4D3-04D3-4200-9387-087E613B3D81}.Debug|x86.Build.0 = Debug|x86
		{8367D4D3-04D3-4200-9387-087E613B3D81}.Release|Any CPU.ActiveCfg = Release|Any CPU
		{8367D4D3-04D3-4200-9387-087E613B3D81}.Release|Any CPU.Build.0 = Release|Any CPU
		{8367D4D3-04D3-4200-9387-087E613B3D81}.Release|x64.ActiveCfg = Release|x64
		{8367D4D3-04D3-4200-9387-087E613B3D81}.Release|x64.Build.0 = Release|x64
		{8367D4D3-04D3-4200-9387-087E613B3D81}.Release|x86.ActiveCfg = Release|x86
		{8367D4D3-04D3-4200-9387-087E613B3D81}.Release|x86.Build.0 = Release|x86
		{457406AD-0EF6-4A17-A99E-DA9CC6F91B9F}.Debug|Any CPU.ActiveCfg = Debug|Any CPU
		{457406AD-0EF6-4A17-A99E-DA9CC6F91B9F}.Debug|Any CPU.Build.0 = Debug|Any CPU
		{457406AD-0EF6-4A17-A99E-DA9CC6F91B9F}.Debug|x64.ActiveCfg = Debug|x64
		{457406AD-0EF6-4A17-A99E-DA9CC6F91B9F}.Debug|x64.Build.0 = Debug|x64
		{457406AD-0EF6-4A17-A99E-DA9CC6F91B9F}.Debug|x86.ActiveCfg = Debug|x86
		{457406AD-0EF6-4A17-A99E-DA9CC6F91B9F}.Debug|x86.Build.0 = Debug|x86
		{457406AD-0EF6-4A17-A99E-DA9CC6F91B9F}.Release|Any CPU.ActiveCfg = Release|Any CPU
		{457406AD-0EF6-4A17-A99E-DA9CC6F91B9F}.Release|Any CPU.Build.0 = Release|Any CPU
		{457406AD-0EF6-4A17-A99E-DA9CC6F91B9F}.Release|x64.ActiveCfg = Release|x64
		{457406AD-0EF6-4A17-A99E-DA9CC6F91B9F}.Release|x64.Build.0 = Release|x64
		{457406AD-0EF6-4A17-A99E-DA9CC6F91B9F}.Release|x86.ActiveCfg = Release|x86
		{457406AD-0EF6-4A17-A99E-DA9CC6F91B9F}.Release|x86.Build.0 = Release|x86
		{EDBE1F3E-C57A-46EA-A632-FB8ED8C44AAE}.Debug|Any CPU.ActiveCfg = Debug|Any CPU
		{EDBE1F3E-C57A-46EA-A632-FB8ED8C44AAE}.Debug|Any CPU.Build.0 = Debug|Any CPU
		{EDBE1F3E-C57A-46EA-A632-FB8ED8C44AAE}.Debug|x64.ActiveCfg = Debug|x64
		{EDBE1F3E-C57A-46EA-A632-FB8ED8C44AAE}.Debug|x64.Build.0 = Debug|x64
		{EDBE1F3E-C57A-46EA-A632-FB8ED8C44AAE}.Debug|x86.ActiveCfg = Debug|x86
		{EDBE1F3E-C57A-46EA-A632-FB8ED8C44AAE}.Debug|x86.Build.0 = Debug|x86
		{EDBE1F3E-C57A-46EA-A632-FB8ED8C44AAE}.Release|Any CPU.ActiveCfg = Release|Any CPU
		{EDBE1F3E-C57A-46EA-A632-FB8ED8C44AAE}.Release|Any CPU.Build.0 = Release|Any CPU
		{EDBE1F3E-C57A-46EA-A632-FB8ED8C44AAE}.Release|x64.ActiveCfg = Release|x64
		{EDBE1F3E-C57A-46EA-A632-FB8ED8C44AAE}.Release|x64.Build.0 = Release|x64
		{EDBE1F3E-C57A-46EA-A632-FB8ED8C44AAE}.Release|x86.ActiveCfg = Release|x86
		{EDBE1F3E-C57A-46EA-A632-FB8ED8C44AAE}.Release|x86.Build.0 = Release|x86
		{1DB5281C-CDB6-4E90-9140-F5F2C22BE3C4}.Debug|Any CPU.ActiveCfg = Debug|Any CPU
		{1DB5281C-CDB6-4E90-9140-F5F2C22BE3C4}.Debug|Any CPU.Build.0 = Debug|Any CPU
		{1DB5281C-CDB6-4E90-9140-F5F2C22BE3C4}.Debug|x64.ActiveCfg = Debug|x64
		{1DB5281C-CDB6-4E90-9140-F5F2C22BE3C4}.Debug|x64.Build.0 = Debug|x64
		{1DB5281C-CDB6-4E90-9140-F5F2C22BE3C4}.Debug|x86.ActiveCfg = Debug|x86
		{1DB5281C-CDB6-4E90-9140-F5F2C22BE3C4}.Debug|x86.Build.0 = Debug|x86
		{1DB5281C-CDB6-4E90-9140-F5F2C22BE3C4}.Release|Any CPU.ActiveCfg = Release|Any CPU
		{1DB5281C-CDB6-4E90-9140-F5F2C22BE3C4}.Release|Any CPU.Build.0 = Release|Any CPU
		{1DB5281C-CDB6-4E90-9140-F5F2C22BE3C4}.Release|x64.ActiveCfg = Release|x64
		{1DB5281C-CDB6-4E90-9140-F5F2C22BE3C4}.Release|x64.Build.0 = Release|x64
		{1DB5281C-CDB6-4E90-9140-F5F2C22BE3C4}.Release|x86.ActiveCfg = Release|x86
		{1DB5281C-CDB6-4E90-9140-F5F2C22BE3C4}.Release|x86.Build.0 = Release|x86
		{54855C22-B622-4993-8512-EBD433490248}.Debug|Any CPU.ActiveCfg = Debug|Any CPU
		{54855C22-B622-4993-8512-EBD433490248}.Debug|Any CPU.Build.0 = Debug|Any CPU
		{54855C22-B622-4993-8512-EBD433490248}.Debug|x64.ActiveCfg = Debug|x64
		{54855C22-B622-4993-8512-EBD433490248}.Debug|x64.Build.0 = Debug|x64
		{54855C22-B622-4993-8512-EBD433490248}.Debug|x86.ActiveCfg = Debug|x86
		{54855C22-B622-4993-8512-EBD433490248}.Debug|x86.Build.0 = Debug|x86
		{54855C22-B622-4993-8512-EBD433490248}.Release|Any CPU.ActiveCfg = Release|Any CPU
		{54855C22-B622-4993-8512-EBD433490248}.Release|Any CPU.Build.0 = Release|Any CPU
		{54855C22-B622-4993-8512-EBD433490248}.Release|x64.ActiveCfg = Release|x64
		{54855C22-B622-4993-8512-EBD433490248}.Release|x64.Build.0 = Release|x64
		{54855C22-B622-4993-8512-EBD433490248}.Release|x86.ActiveCfg = Release|x86
		{54855C22-B622-4993-8512-EBD433490248}.Release|x86.Build.0 = Release|x86
		{AAE4C823-8E20-480C-956E-7E212478EFC4}.Debug|Any CPU.ActiveCfg = Debug|Any CPU
		{AAE4C823-8E20-480C-956E-7E212478EFC4}.Debug|Any CPU.Build.0 = Debug|Any CPU
		{AAE4C823-8E20-480C-956E-7E212478EFC4}.Debug|x64.ActiveCfg = Debug|x64
		{AAE4C823-8E20-480C-956E-7E212478EFC4}.Debug|x64.Build.0 = Debug|x64
		{AAE4C823-8E20-480C-956E-7E212478EFC4}.Debug|x86.ActiveCfg = Debug|x86
		{AAE4C823-8E20-480C-956E-7E212478EFC4}.Debug|x86.Build.0 = Debug|x86
		{AAE4C823-8E20-480C-956E-7E212478EFC4}.Release|Any CPU.ActiveCfg = Release|Any CPU
		{AAE4C823-8E20-480C-956E-7E212478EFC4}.Release|Any CPU.Build.0 = Release|Any CPU
		{AAE4C823-8E20-480C-956E-7E212478EFC4}.Release|x64.ActiveCfg = Release|x64
		{AAE4C823-8E20-480C-956E-7E212478EFC4}.Release|x64.Build.0 = Release|x64
		{AAE4C823-8E20-480C-956E-7E212478EFC4}.Release|x86.ActiveCfg = Release|x86
		{AAE4C823-8E20-480C-956E-7E212478EFC4}.Release|x86.Build.0 = Release|x86
		{2CE25B14-D97D-4DAA-BB42-16AD59DEA742}.Debug|Any CPU.ActiveCfg = Debug|Any CPU
		{2CE25B14-D97D-4DAA-BB42-16AD59DEA742}.Debug|Any CPU.Build.0 = Debug|Any CPU
		{2CE25B14-D97D-4DAA-BB42-16AD59DEA742}.Debug|x64.ActiveCfg = Debug|x64
		{2CE25B14-D97D-4DAA-BB42-16AD59DEA742}.Debug|x64.Build.0 = Debug|x64
		{2CE25B14-D97D-4DAA-BB42-16AD59DEA742}.Debug|x86.ActiveCfg = Debug|x86
		{2CE25B14-D97D-4DAA-BB42-16AD59DEA742}.Debug|x86.Build.0 = Debug|x86
		{2CE25B14-D97D-4DAA-BB42-16AD59DEA742}.Release|Any CPU.ActiveCfg = Release|Any CPU
		{2CE25B14-D97D-4DAA-BB42-16AD59DEA742}.Release|Any CPU.Build.0 = Release|Any CPU
		{2CE25B14-D97D-4DAA-BB42-16AD59DEA742}.Release|x64.ActiveCfg = Release|x64
		{2CE25B14-D97D-4DAA-BB42-16AD59DEA742}.Release|x64.Build.0 = Release|x64
		{2CE25B14-D97D-4DAA-BB42-16AD59DEA742}.Release|x86.ActiveCfg = Release|x86
		{2CE25B14-D97D-4DAA-BB42-16AD59DEA742}.Release|x86.Build.0 = Release|x86
	EndGlobalSection
	GlobalSection(NestedProjects) = preSolution
		{8367D4D3-04D3-4200-9387-087E613B3D81} = {0237CC10-AE50-448F-B72B-9A921AB2A4B6}
		{457406AD-0EF6-4A17-A99E-DA9CC6F91B9F} = {DCC32A2D-CE34-41B6-84FD-A2931EA4C76D}
		{EDBE1F3E-C57A-46EA-A632-FB8ED8C44AAE} = {0237CC10-AE50-448F-B72B-9A921AB2A4B6}
		{1DB5281C-CDB6-4E90-9140-F5F2C22BE3C4} = {DCC32A2D-CE34-41B6-84FD-A2931EA4C76D}
		{54855C22-B622-4993-8512-EBD433490248} = {0237CC10-AE50-448F-B72B-9A921AB2A4B6}
		{AAE4C823-8E20-480C-956E-7E212478EFC4} = {0237CC10-AE50-448F-B72B-9A921AB2A4B6}
		{2CE25B14-D97D-4DAA-BB42-16AD59DEA742} = {0237CC10-AE50-448F-B72B-9A921AB2A4B6}
	EndGlobalSection
EndGlobal
