
Microsoft Visual Studio Solution File, Format Version 12.00
# Visual Studio Version 16
VisualStudioVersion = 16.6.30114.105
MinimumVisualStudioVersion = 10.0.40219.1
Project("{2150E333-8FDC-42A3-9474-1A3956D46DE8}") = "src", "src", "{AFF94DC1-9ABA-485E-AB09-5CDC6421661C}"
EndProject
Project("{FAE04EC0-301F-11D3-BF4B-00C04F79EFBC}") = "Core", "src\Core\Core.csproj", "{31914CEE-E5EC-4C6A-BE9F-B9B0DFC47FF8}"
EndProject
Project("{2150E333-8FDC-42A3-9474-1A3956D46DE8}") = "test", "test", "{F2C42D4A-E715-4E11-822D-9CECF411463D}"
EndProject
Project("{FAE04EC0-301F-11D3-BF4B-00C04F79EFBC}") = "Test.Unit.Core", "test\Test.Unit.Core\Test.Unit.Core.csproj", "{A7777232-74B0-4B7A-9112-B335CA7EAEC8}"
EndProject
Project("{FAE04EC0-301F-11D3-BF4B-00C04F79EFBC}") = "Infrastructure.Data.MongoDb", "src\Infrastructure.Data.MongoDb\Infrastructure.Data.MongoDb.csproj", "{C6A6C157-A807-4103-8D8B-8CD73DE19577}"
EndProject
Project("{FAE04EC0-301F-11D3-BF4B-00C04F79EFBC}") = "Test.Unit.Infrastructure.Data.MongoDb", "test\Test.Unit.Infrastructure.Data.MongoDb\Test.Unit.Infrastructure.Data.MongoDb.csproj", "{F825BBD1-B005-4CBB-BD7F-05EED5D242E7}"
EndProject
Project("{FAE04EC0-301F-11D3-BF4B-00C04F79EFBC}") = "Infrastructure.Server", "src\Infrastructure.Server\Infrastructure.Server.csproj", "{9F42B885-0408-421A-A2F2-96859BE85592}"
EndProject
Project("{FAE04EC0-301F-11D3-BF4B-00C04F79EFBC}") = "Test.Unit.Infrastructure.Server", "test\Test.Unit.Infrastructure.Server\Test.Unit.Infrastructure.Server.csproj", "{374099B4-0E29-4D14-B783-C500C2458042}"
EndProject
Project("{FAE04EC0-301F-11D3-BF4B-00C04F79EFBC}") = "Infrastructure.WebApi", "src\Infrastructure.WebApi\Infrastructure.WebApi.csproj", "{78F8EAA0-C634-491B-AAFB-8CAF7F9AFCE2}"
EndProject
Project("{FAE04EC0-301F-11D3-BF4B-00C04F79EFBC}") = "Test.Unit.Infrastructure.WebApi", "test\Test.Unit.Infrastructure.WebApi\Test.Unit.Infrastructure.WebApi.csproj", "{922E1735-242A-445F-B1B6-E0EF52AF0A52}"
EndProject
Global
	GlobalSection(SolutionConfigurationPlatforms) = preSolution
		Debug|Any CPU = Debug|Any CPU
		Debug|x64 = Debug|x64
		Debug|x86 = Debug|x86
		Release|Any CPU = Release|Any CPU
		Release|x64 = Release|x64
		Release|x86 = Release|x86
	EndGlobalSection
	GlobalSection(SolutionProperties) = preSolution
		HideSolutionNode = FALSE
	EndGlobalSection
	GlobalSection(ProjectConfigurationPlatforms) = postSolution
		{31914CEE-E5EC-4C6A-BE9F-B9B0DFC47FF8}.Debug|Any CPU.ActiveCfg = Debug|Any CPU
		{31914CEE-E5EC-4C6A-BE9F-B9B0DFC47FF8}.Debug|Any CPU.Build.0 = Debug|Any CPU
		{31914CEE-E5EC-4C6A-BE9F-B9B0DFC47FF8}.Debug|x64.ActiveCfg = Debug|Any CPU
		{31914CEE-E5EC-4C6A-BE9F-B9B0DFC47FF8}.Debug|x64.Build.0 = Debug|Any CPU
		{31914CEE-E5EC-4C6A-BE9F-B9B0DFC47FF8}.Debug|x86.ActiveCfg = Debug|Any CPU
		{31914CEE-E5EC-4C6A-BE9F-B9B0DFC47FF8}.Debug|x86.Build.0 = Debug|Any CPU
		{31914CEE-E5EC-4C6A-BE9F-B9B0DFC47FF8}.Release|Any CPU.ActiveCfg = Release|Any CPU
		{31914CEE-E5EC-4C6A-BE9F-B9B0DFC47FF8}.Release|Any CPU.Build.0 = Release|Any CPU
		{31914CEE-E5EC-4C6A-BE9F-B9B0DFC47FF8}.Release|x64.ActiveCfg = Release|Any CPU
		{31914CEE-E5EC-4C6A-BE9F-B9B0DFC47FF8}.Release|x64.Build.0 = Release|Any CPU
		{31914CEE-E5EC-4C6A-BE9F-B9B0DFC47FF8}.Release|x86.ActiveCfg = Release|Any CPU
		{31914CEE-E5EC-4C6A-BE9F-B9B0DFC47FF8}.Release|x86.Build.0 = Release|Any CPU
		{A7777232-74B0-4B7A-9112-B335CA7EAEC8}.Debug|Any CPU.ActiveCfg = Debug|Any CPU
		{A7777232-74B0-4B7A-9112-B335CA7EAEC8}.Debug|Any CPU.Build.0 = Debug|Any CPU
		{A7777232-74B0-4B7A-9112-B335CA7EAEC8}.Debug|x64.ActiveCfg = Debug|Any CPU
		{A7777232-74B0-4B7A-9112-B335CA7EAEC8}.Debug|x64.Build.0 = Debug|Any CPU
		{A7777232-74B0-4B7A-9112-B335CA7EAEC8}.Debug|x86.ActiveCfg = Debug|Any CPU
		{A7777232-74B0-4B7A-9112-B335CA7EAEC8}.Debug|x86.Build.0 = Debug|Any CPU
		{A7777232-74B0-4B7A-9112-B335CA7EAEC8}.Release|Any CPU.ActiveCfg = Release|Any CPU
		{A7777232-74B0-4B7A-9112-B335CA7EAEC8}.Release|Any CPU.Build.0 = Release|Any CPU
		{A7777232-74B0-4B7A-9112-B335CA7EAEC8}.Release|x64.ActiveCfg = Release|Any CPU
		{A7777232-74B0-4B7A-9112-B335CA7EAEC8}.Release|x64.Build.0 = Release|Any CPU
		{A7777232-74B0-4B7A-9112-B335CA7EAEC8}.Release|x86.ActiveCfg = Release|Any CPU
		{A7777232-74B0-4B7A-9112-B335CA7EAEC8}.Release|x86.Build.0 = Release|Any CPU
		{C6A6C157-A807-4103-8D8B-8CD73DE19577}.Debug|Any CPU.ActiveCfg = Debug|Any CPU
		{C6A6C157-A807-4103-8D8B-8CD73DE19577}.Debug|Any CPU.Build.0 = Debug|Any CPU
		{C6A6C157-A807-4103-8D8B-8CD73DE19577}.Debug|x64.ActiveCfg = Debug|Any CPU
		{C6A6C157-A807-4103-8D8B-8CD73DE19577}.Debug|x64.Build.0 = Debug|Any CPU
		{C6A6C157-A807-4103-8D8B-8CD73DE19577}.Debug|x86.ActiveCfg = Debug|Any CPU
		{C6A6C157-A807-4103-8D8B-8CD73DE19577}.Debug|x86.Build.0 = Debug|Any CPU
		{C6A6C157-A807-4103-8D8B-8CD73DE19577}.Release|Any CPU.ActiveCfg = Release|Any CPU
		{C6A6C157-A807-4103-8D8B-8CD73DE19577}.Release|Any CPU.Build.0 = Release|Any CPU
		{C6A6C157-A807-4103-8D8B-8CD73DE19577}.Release|x64.ActiveCfg = Release|Any CPU
		{C6A6C157-A807-4103-8D8B-8CD73DE19577}.Release|x64.Build.0 = Release|Any CPU
		{C6A6C157-A807-4103-8D8B-8CD73DE19577}.Release|x86.ActiveCfg = Release|Any CPU
		{C6A6C157-A807-4103-8D8B-8CD73DE19577}.Release|x86.Build.0 = Release|Any CPU
		{F825BBD1-B005-4CBB-BD7F-05EED5D242E7}.Debug|Any CPU.ActiveCfg = Debug|Any CPU
		{F825BBD1-B005-4CBB-BD7F-05EED5D242E7}.Debug|Any CPU.Build.0 = Debug|Any CPU
		{F825BBD1-B005-4CBB-BD7F-05EED5D242E7}.Debug|x64.ActiveCfg = Debug|Any CPU
		{F825BBD1-B005-4CBB-BD7F-05EED5D242E7}.Debug|x64.Build.0 = Debug|Any CPU
		{F825BBD1-B005-4CBB-BD7F-05EED5D242E7}.Debug|x86.ActiveCfg = Debug|Any CPU
		{F825BBD1-B005-4CBB-BD7F-05EED5D242E7}.Debug|x86.Build.0 = Debug|Any CPU
		{F825BBD1-B005-4CBB-BD7F-05EED5D242E7}.Release|Any CPU.ActiveCfg = Release|Any CPU
		{F825BBD1-B005-4CBB-BD7F-05EED5D242E7}.Release|Any CPU.Build.0 = Release|Any CPU
		{F825BBD1-B005-4CBB-BD7F-05EED5D242E7}.Release|x64.ActiveCfg = Release|Any CPU
		{F825BBD1-B005-4CBB-BD7F-05EED5D242E7}.Release|x64.Build.0 = Release|Any CPU
		{F825BBD1-B005-4CBB-BD7F-05EED5D242E7}.Release|x86.ActiveCfg = Release|Any CPU
		{F825BBD1-B005-4CBB-BD7F-05EED5D242E7}.Release|x86.Build.0 = Release|Any CPU
		{9F42B885-0408-421A-A2F2-96859BE85592}.Debug|Any CPU.ActiveCfg = Debug|Any CPU
		{9F42B885-0408-421A-A2F2-96859BE85592}.Debug|Any CPU.Build.0 = Debug|Any CPU
		{9F42B885-0408-421A-A2F2-96859BE85592}.Debug|x64.ActiveCfg = Debug|Any CPU
		{9F42B885-0408-421A-A2F2-96859BE85592}.Debug|x64.Build.0 = Debug|Any CPU
		{9F42B885-0408-421A-A2F2-96859BE85592}.Debug|x86.ActiveCfg = Debug|Any CPU
		{9F42B885-0408-421A-A2F2-96859BE85592}.Debug|x86.Build.0 = Debug|Any CPU
		{9F42B885-0408-421A-A2F2-96859BE85592}.Release|Any CPU.ActiveCfg = Release|Any CPU
		{9F42B885-0408-421A-A2F2-96859BE85592}.Release|Any CPU.Build.0 = Release|Any CPU
		{9F42B885-0408-421A-A2F2-96859BE85592}.Release|x64.ActiveCfg = Release|Any CPU
		{9F42B885-0408-421A-A2F2-96859BE85592}.Release|x64.Build.0 = Release|Any CPU
		{9F42B885-0408-421A-A2F2-96859BE85592}.Release|x86.ActiveCfg = Release|Any CPU
		{9F42B885-0408-421A-A2F2-96859BE85592}.Release|x86.Build.0 = Release|Any CPU
		{374099B4-0E29-4D14-B783-C500C2458042}.Debug|Any CPU.ActiveCfg = Debug|Any CPU
		{374099B4-0E29-4D14-B783-C500C2458042}.Debug|Any CPU.Build.0 = Debug|Any CPU
		{374099B4-0E29-4D14-B783-C500C2458042}.Debug|x64.ActiveCfg = Debug|Any CPU
		{374099B4-0E29-4D14-B783-C500C2458042}.Debug|x64.Build.0 = Debug|Any CPU
		{374099B4-0E29-4D14-B783-C500C2458042}.Debug|x86.ActiveCfg = Debug|Any CPU
		{374099B4-0E29-4D14-B783-C500C2458042}.Debug|x86.Build.0 = Debug|Any CPU
		{374099B4-0E29-4D14-B783-C500C2458042}.Release|Any CPU.ActiveCfg = Release|Any CPU
		{374099B4-0E29-4D14-B783-C500C2458042}.Release|Any CPU.Build.0 = Release|Any CPU
		{374099B4-0E29-4D14-B783-C500C2458042}.Release|x64.ActiveCfg = Release|Any CPU
		{374099B4-0E29-4D14-B783-C500C2458042}.Release|x64.Build.0 = Release|Any CPU
		{374099B4-0E29-4D14-B783-C500C2458042}.Release|x86.ActiveCfg = Release|Any CPU
		{374099B4-0E29-4D14-B783-C500C2458042}.Release|x86.Build.0 = Release|Any CPU
		{78F8EAA0-C634-491B-AAFB-8CAF7F9AFCE2}.Debug|Any CPU.ActiveCfg = Debug|Any CPU
		{78F8EAA0-C634-491B-AAFB-8CAF7F9AFCE2}.Debug|Any CPU.Build.0 = Debug|Any CPU
		{78F8EAA0-C634-491B-AAFB-8CAF7F9AFCE2}.Debug|x64.ActiveCfg = Debug|Any CPU
		{78F8EAA0-C634-491B-AAFB-8CAF7F9AFCE2}.Debug|x64.Build.0 = Debug|Any CPU
		{78F8EAA0-C634-491B-AAFB-8CAF7F9AFCE2}.Debug|x86.ActiveCfg = Debug|Any CPU
		{78F8EAA0-C634-491B-AAFB-8CAF7F9AFCE2}.Debug|x86.Build.0 = Debug|Any CPU
		{78F8EAA0-C634-491B-AAFB-8CAF7F9AFCE2}.Release|Any CPU.ActiveCfg = Release|Any CPU
		{78F8EAA0-C634-491B-AAFB-8CAF7F9AFCE2}.Release|Any CPU.Build.0 = Release|Any CPU
		{78F8EAA0-C634-491B-AAFB-8CAF7F9AFCE2}.Release|x64.ActiveCfg = Release|Any CPU
		{78F8EAA0-C634-491B-AAFB-8CAF7F9AFCE2}.Release|x64.Build.0 = Release|Any CPU
		{78F8EAA0-C634-491B-AAFB-8CAF7F9AFCE2}.Release|x86.ActiveCfg = Release|Any CPU
		{78F8EAA0-C634-491B-AAFB-8CAF7F9AFCE2}.Release|x86.Build.0 = Release|Any CPU
		{922E1735-242A-445F-B1B6-E0EF52AF0A52}.Debug|Any CPU.ActiveCfg = Debug|Any CPU
		{922E1735-242A-445F-B1B6-E0EF52AF0A52}.Debug|Any CPU.Build.0 = Debug|Any CPU
		{922E1735-242A-445F-B1B6-E0EF52AF0A52}.Debug|x64.ActiveCfg = Debug|Any CPU
		{922E1735-242A-445F-B1B6-E0EF52AF0A52}.Debug|x64.Build.0 = Debug|Any CPU
		{922E1735-242A-445F-B1B6-E0EF52AF0A52}.Debug|x86.ActiveCfg = Debug|Any CPU
		{922E1735-242A-445F-B1B6-E0EF52AF0A52}.Debug|x86.Build.0 = Debug|Any CPU
		{922E1735-242A-445F-B1B6-E0EF52AF0A52}.Release|Any CPU.ActiveCfg = Release|Any CPU
		{922E1735-242A-445F-B1B6-E0EF52AF0A52}.Release|Any CPU.Build.0 = Release|Any CPU
		{922E1735-242A-445F-B1B6-E0EF52AF0A52}.Release|x64.ActiveCfg = Release|Any CPU
		{922E1735-242A-445F-B1B6-E0EF52AF0A52}.Release|x64.Build.0 = Release|Any CPU
		{922E1735-242A-445F-B1B6-E0EF52AF0A52}.Release|x86.ActiveCfg = Release|Any CPU
		{922E1735-242A-445F-B1B6-E0EF52AF0A52}.Release|x86.Build.0 = Release|Any CPU
	EndGlobalSection
	GlobalSection(NestedProjects) = preSolution
		{31914CEE-E5EC-4C6A-BE9F-B9B0DFC47FF8} = {AFF94DC1-9ABA-485E-AB09-5CDC6421661C}
		{A7777232-74B0-4B7A-9112-B335CA7EAEC8} = {F2C42D4A-E715-4E11-822D-9CECF411463D}
		{C6A6C157-A807-4103-8D8B-8CD73DE19577} = {AFF94DC1-9ABA-485E-AB09-5CDC6421661C}
		{F825BBD1-B005-4CBB-BD7F-05EED5D242E7} = {F2C42D4A-E715-4E11-822D-9CECF411463D}
		{9F42B885-0408-421A-A2F2-96859BE85592} = {AFF94DC1-9ABA-485E-AB09-5CDC6421661C}
		{374099B4-0E29-4D14-B783-C500C2458042} = {F2C42D4A-E715-4E11-822D-9CECF411463D}
		{78F8EAA0-C634-491B-AAFB-8CAF7F9AFCE2} = {AFF94DC1-9ABA-485E-AB09-5CDC6421661C}
		{922E1735-242A-445F-B1B6-E0EF52AF0A52} = {F2C42D4A-E715-4E11-822D-9CECF411463D}
	EndGlobalSection
EndGlobal
